{
  "name": "ht",
  "version": "0.1.0",
  "lockfileVersion": 1,
  "requires": true,
  "dependencies": {
    "async-validator": {
      "version": "1.8.5",
      "resolved": "http://registry.npm.taobao.org/async-validator/download/async-validator-1.8.5.tgz",
      "integrity": "sha1-3D4I7B/Q3dtn5ghC8CwM0c7G1/A=",
      "requires": {
        "babel-runtime": "6.26.0"
      }
    },
    "axios": {
      "version": "0.18.0",
      "resolved": "http://registry.npm.taobao.org/axios/download/axios-0.18.0.tgz",
      "integrity": "sha1-MtU+SFHv3AoRmTts0AB4nXDAUQI=",
      "requires": {
        "follow-redirects": "1.5.2",
        "is-buffer": "1.1.6"
      }
    },
    "babel-runtime": {
      "version": "6.26.0",
      "resolved": "http://registry.npm.taobao.org/babel-runtime/download/babel-runtime-6.26.0.tgz",
      "integrity": "sha1-llxwWGaOgrVde/4E/yM3vItWR/4=",
      "requires": {
        "core-js": "2.5.7",
        "regenerator-runtime": "0.11.1"
      }
    },
    "batch-processor": {
      "version": "1.0.0",
      "resolved": "http://registry.npm.taobao.org/batch-processor/download/batch-processor-1.0.0.tgz",
      "integrity": "sha1-dclcMrdI4IUNEMKxaPa9vpiRrOg="
    },
    "core-js": {
      "version": "2.5.7",
      "resolved": "http://registry.npm.taobao.org/core-js/download/core-js-2.5.7.tgz",
      "integrity": "sha1-+XJgj/DOrWi4QaFqky0LGDeRgU4="
    },
    "debug": {
      "version": "3.1.0",
      "resolved": "http://registry.npm.taobao.org/debug/download/debug-3.1.0.tgz",
      "integrity": "sha1-W7WgZyYotkFJVmuhaBnmFRjGcmE=",
      "requires": {
        "ms": "2.0.0"
      }
    },
    "deepmerge": {
      "version": "2.1.1",
      "resolved": "http://registry.npm.taobao.org/deepmerge/download/deepmerge-2.1.1.tgz",
      "integrity": "sha1-6GK05F6gVVByv1Hn/Q2YRRcK52g="
    },
    "echarts": {
      "version": "4.1.0",
      "resolved": "http://registry.npm.taobao.org/echarts/download/echarts-4.1.0.tgz",
      "integrity": "sha1-1YjJX3PBqZKLnHPVt2l1HDGFvNw=",
      "requires": {
        "zrender": "4.0.4"
      }
    },
    "element-resize-detector": {
      "version": "1.1.14",
      "resolved": "http://registry.npm.taobao.org/element-resize-detector/download/element-resize-detector-1.1.14.tgz",
      "integrity": "sha1-rwZKCmGKggrVcKlcXuxbd74BKME=",
      "requires": {
        "batch-processor": "1.0.0"
      }
    },
    "follow-redirects": {
      "version": "1.5.2",
      "resolved": "http://registry.npm.taobao.org/follow-redirects/download/follow-redirects-1.5.2.tgz",
      "integrity": "sha1-Wp2A4BZZV+XvDBIQZ4/FxKy5+wM=",
      "requires": {
        "debug": "3.1.0"
      }
    },
    "is-buffer": {
      "version": "1.1.6",
      "resolved": "http://registry.npm.taobao.org/is-buffer/download/is-buffer-1.1.6.tgz",
      "integrity": "sha1-76ouqdqg16suoTqXsritUf776L4="
    },
    "iview": {
      "version": "3.0.0",
      "resolved": "http://registry.npm.taobao.org/iview/download/iview-3.0.0.tgz",
      "integrity": "sha1-Gtw2of92ZdNDFhRLJ/gcIntZlHU=",
      "requires": {
        "async-validator": "1.8.5",
        "deepmerge": "2.1.1",
        "element-resize-detector": "1.1.14",
        "js-calendar": "1.2.3",
        "lodash.throttle": "4.1.1",
        "popper.js": "1.14.4",
        "tinycolor2": "1.4.1",
        "v-click-outside-x": "3.0.3"
      }
    },
    "js-calendar": {
      "version": "1.2.3",
      "resolved": "http://registry.npm.taobao.org/js-calendar/download/js-calendar-1.2.3.tgz",
      "integrity": "sha1-pYOwZEtOaVujlPNE0QPbzHp6fT4="
    },
    "js-cookie": {
      "version": "2.2.0",
      "resolved": "http://registry.npm.taobao.org/js-cookie/download/js-cookie-2.2.0.tgz",
      "integrity": "sha1-Gywnmm7s44ChIWi5JIUmWzWx7/s="
    },
    "js-md5": {
      "version": "0.7.3",
      "resolved": "http://registry.npm.taobao.org/js-md5/download/js-md5-0.7.3.tgz",
      "integrity": "sha1-tPL7sLMnRV9ZjWcn447Ccs0Jw/I="
    },
    "lodash.throttle": {
      "version": "4.1.1",
      "resolved": "http://registry.npm.taobao.org/lodash.throttle/download/lodash.throttle-4.1.1.tgz",
      "integrity": "sha1-wj6RtxAkKscMN/HhzaknTMOb8vQ="
    },
    "ms": {
      "version": "2.0.0",
      "resolved": "http://registry.npm.taobao.org/ms/download/ms-2.0.0.tgz",
      "integrity": "sha1-VgiurfwAvmwpAd9fmGF4jeDVl8g="
    },
    "popper.js": {
      "version": "1.14.4",
      "resolved": "http://registry.npm.taobao.org/popper.js/download/popper.js-1.14.4.tgz",
      "integrity": "sha1-juwdj/AqWjoVLdQ0FKFce3n9abY="
    },
    "regenerator-runtime": {
      "version": "0.11.1",
      "resolved": "http://registry.npm.taobao.org/regenerator-runtime/download/regenerator-runtime-0.11.1.tgz",
      "integrity": "sha1-vgWtf5v30i4Fb5cmzuUBf78Z4uk="
    },
    "tinycolor2": {
      "version": "1.4.1",
      "resolved": "http://registry.npm.taobao.org/tinycolor2/download/tinycolor2-1.4.1.tgz",
      "integrity": "sha1-9PrTM0R7wLB9TcjpIJ2POaisd+g="
    },
    "v-click-outside-x": {
      "version": "3.0.3",
      "resolved": "http://registry.npm.taobao.org/v-click-outside-x/download/v-click-outside-x-3.0.3.tgz",
      "integrity": "sha1-gkwlUflFHhwcxizFJcYIQYXR+/Q="
    },
    "vue-js-cookie": {
      "version": "2.1.0",
      "resolved": "http://registry.npm.taobao.org/vue-js-cookie/download/vue-js-cookie-2.1.0.tgz",
      "integrity": "sha1-GO6dDTjbnpWMSPQpA7FhaINtIu0=",
      "requires": {
        "js-cookie": "2.2.0"
      }
    },
    "zrender": {
      "version": "4.0.4",
      "resolved": "http://registry.npm.taobao.org/zrender/download/zrender-4.0.4.tgz",
      "integrity": "sha1-kQ5g2IjwDJWZBz8jdY3SM0X+SP0="
    }
  }
}
